
Microsoft Visual Studio Solution File, Format Version 12.00
# Visual Studio Version 16
VisualStudioVersion = 16.0.31424.327
MinimumVisualStudioVersion = 10.0.40219.1
Project("{9A19103F-16F7-4668-BE54-9A1E7A4F7556}") = "WebScraperTests", "tests\ScraperTests\WebScraperTests.csproj", "{DA11D267-F20A-451F-92B5-503EDB43E567}"
EndProject
Project("{9A19103F-16F7-4668-BE54-9A1E7A4F7556}") = "WebScraper", "src\WebScraper\WebScraper.csproj", "{67D9035E-F85A-4455-AE49-6905009EF6D4}"
EndProject
Global
	GlobalSection(SolutionConfigurationPlatforms) = preSolution
		Debug|Any CPU = Debug|Any CPU
		Release|Any CPU = Release|Any CPU
	EndGlobalSection
	GlobalSection(ProjectConfigurationPlatforms) = postSolution
		{DA11D267-F20A-451F-92B5-503EDB43E567}.Debug|Any CPU.ActiveCfg = Debug|Any CPU
		{DA11D267-F20A-451F-92B5-503EDB43E567}.Debug|Any CPU.Build.0 = Debug|Any CPU
		{DA11D267-F20A-451F-92B5-503EDB43E567}.Release|Any CPU.ActiveCfg = Release|Any CPU
		{DA11D267-F20A-451F-92B5-503EDB43E567}.Release|Any CPU.Build.0 = Release|Any CPU
		{67D9035E-F85A-4455-AE49-6905009EF6D4}.Debug|Any CPU.ActiveCfg = Debug|Any CPU
		{67D9035E-F85A-4455-AE49-6905009EF6D4}.Debug|Any CPU.Build.0 = Debug|Any CPU
		{67D9035E-F85A-4455-AE49-6905009EF6D4}.Release|Any CPU.ActiveCfg = Release|Any CPU
		{67D9035E-F85A-4455-AE49-6905009EF6D4}.Release|Any CPU.Build.0 = Release|Any CPU
	EndGlobalSection
	GlobalSection(SolutionProperties) = preSolution
		HideSolutionNode = FALSE
	EndGlobalSection
	GlobalSection(ExtensibilityGlobals) = postSolution
		SolutionGuid = {AA7A90C5-D549-4ADC-AC2B-39666118E69F}
	EndGlobalSection
EndGlobal
